
Microsoft Visual Studio Solution File, Format Version 12.00
# Visual Studio Version 17
VisualStudioVersion = 17.5.33424.131
MinimumVisualStudioVersion = 10.0.40219.1
Project("{FAE04EC0-301F-11D3-BF4B-00C04F79EFBC}") = "YurtKayit", "YurtKayit\YurtKayit.csproj", "{37D10E1A-1346-40DE-9CFF-E455E8307151}"
EndProject
Global
	GlobalSection(SolutionConfigurationPlatforms) = preSolution
		Debug|Any CPU = Debug|Any CPU
		Release|Any CPU = Release|Any CPU
	EndGlobalSection
	GlobalSection(ProjectConfigurationPlatforms) = postSolution
		{37D10E1A-1346-40DE-9CFF-E455E8307151}.Debug|Any CPU.ActiveCfg = Debug|Any CPU
		{37D10E1A-1346-40DE-9CFF-E455E8307151}.Debug|Any CPU.Build.0 = Debug|Any CPU
		{37D10E1A-1346-40DE-9CFF-E455E8307151}.Release|Any CPU.ActiveCfg = Release|Any CPU
		{37D10E1A-1346-40DE-9CFF-E455E8307151}.Release|Any CPU.Build.0 = Release|Any CPU
	EndGlobalSection
	GlobalSection(SolutionProperties) = preSolution
		HideSolutionNode = FALSE
	EndGlobalSection
	GlobalSection(ExtensibilityGlobals) = postSolution
		SolutionGuid = {8B792F06-D335-42C1-AA8F-630BACDF8A23}
	EndGlobalSection
EndGlobal
